
Microsoft Visual Studio Solution File, Format Version 12.00
# Visual Studio Version 17
VisualStudioVersion = 17.0.32112.339
MinimumVisualStudioVersion = 10.0.40219.1
Project("{FAE04EC0-301F-11D3-BF4B-00C04F79EFBC}") = "Turn Based Game", "Turn Based Game\Turn Based Game.csproj", "{915FABD4-7058-4222-8B15-C4996DAF405C}"
EndProject
Global
	GlobalSection(SolutionConfigurationPlatforms) = preSolution
		Debug|Any CPU = Debug|Any CPU
		Release|Any CPU = Release|Any CPU
	EndGlobalSection
	GlobalSection(ProjectConfigurationPlatforms) = postSolution
		{915FABD4-7058-4222-8B15-C4996DAF405C}.Debug|Any CPU.ActiveCfg = Debug|Any CPU
		{915FABD4-7058-4222-8B15-C4996DAF405C}.Debug|Any CPU.Build.0 = Debug|Any CPU
		{915FABD4-7058-4222-8B15-C4996DAF405C}.Release|Any CPU.ActiveCfg = Release|Any CPU
		{915FABD4-7058-4222-8B15-C4996DAF405C}.Release|Any CPU.Build.0 = Release|Any CPU
	EndGlobalSection
	GlobalSection(SolutionProperties) = preSolution
		HideSolutionNode = FALSE
	EndGlobalSection
	GlobalSection(ExtensibilityGlobals) = postSolution
		SolutionGuid = {5E1FE152-F35D-4B63-8A41-2BEB06B9E35D}
	EndGlobalSection
EndGlobal
